
Microsoft Visual Studio Solution File, Format Version 12.00
# Visual Studio Version 17
VisualStudioVersion = 17.14.36414.22 d17.14
MinimumVisualStudioVersion = 10.0.40219.1
Project("{FAE04EC0-301F-11D3-BF4B-00C04F79EFBC}") = "Doctor", "Doctor\Doctor.csproj", "{7A497348-BCF0-477D-98ED-DF9A242B11AA}"
EndProject
Project("{FAE04EC0-301F-11D3-BF4B-00C04F79EFBC}") = "Doctor.Domain", "Doctor.Domain\Doctor.Domain.csproj", "{59A24A89-1705-402E-8F21-B96CE476CF96}"
EndProject
Project("{FAE04EC0-301F-11D3-BF4B-00C04F79EFBC}") = "Doctor.Application", "Doctor.Application\Doctor.Application.csproj", "{F941939B-7CCC-480D-8D4C-8FBB4E5B7085}"
EndProject
Project("{FAE04EC0-301F-11D3-BF4B-00C04F79EFBC}") = "Doctor.Infrastructure", "Doctor.Infrastructure\Doctor.Infrastructure.csproj", "{425DC2F1-67F4-4908-B825-A56FF4498E1D}"
EndProject
Global
	GlobalSection(SolutionConfigurationPlatforms) = preSolution
		Debug|Any CPU = Debug|Any CPU
		Release|Any CPU = Release|Any CPU
	EndGlobalSection
	GlobalSection(ProjectConfigurationPlatforms) = postSolution
		{7A497348-BCF0-477D-98ED-DF9A242B11AA}.Debug|Any CPU.ActiveCfg = Debug|Any CPU
		{7A497348-BCF0-477D-98ED-DF9A242B11AA}.Debug|Any CPU.Build.0 = Debug|Any CPU
		{7A497348-BCF0-477D-98ED-DF9A242B11AA}.Release|Any CPU.ActiveCfg = Release|Any CPU
		{7A497348-BCF0-477D-98ED-DF9A242B11AA}.Release|Any CPU.Build.0 = Release|Any CPU
		{59A24A89-1705-402E-8F21-B96CE476CF96}.Debug|Any CPU.ActiveCfg = Debug|Any CPU
		{59A24A89-1705-402E-8F21-B96CE476CF96}.Debug|Any CPU.Build.0 = Debug|Any CPU
		{59A24A89-1705-402E-8F21-B96CE476CF96}.Release|Any CPU.ActiveCfg = Release|Any CPU
		{59A24A89-1705-402E-8F21-B96CE476CF96}.Release|Any CPU.Build.0 = Release|Any CPU
		{F941939B-7CCC-480D-8D4C-8FBB4E5B7085}.Debug|Any CPU.ActiveCfg = Debug|Any CPU
		{F941939B-7CCC-480D-8D4C-8FBB4E5B7085}.Debug|Any CPU.Build.0 = Debug|Any CPU
		{F941939B-7CCC-480D-8D4C-8FBB4E5B7085}.Release|Any CPU.ActiveCfg = Release|Any CPU
		{F941939B-7CCC-480D-8D4C-8FBB4E5B7085}.Release|Any CPU.Build.0 = Release|Any CPU
		{425DC2F1-67F4-4908-B825-A56FF4498E1D}.Debug|Any CPU.ActiveCfg = Debug|Any CPU
		{425DC2F1-67F4-4908-B825-A56FF4498E1D}.Debug|Any CPU.Build.0 = Debug|Any CPU
		{425DC2F1-67F4-4908-B825-A56FF4498E1D}.Release|Any CPU.ActiveCfg = Release|Any CPU
		{425DC2F1-67F4-4908-B825-A56FF4498E1D}.Release|Any CPU.Build.0 = Release|Any CPU
	EndGlobalSection
	GlobalSection(SolutionProperties) = preSolution
		HideSolutionNode = FALSE
	EndGlobalSection
	GlobalSection(ExtensibilityGlobals) = postSolution
		SolutionGuid = {861A4F0F-DCBD-422F-AC54-4C691D197276}
	EndGlobalSection
EndGlobal
